{
  "name": "asc_add",
  "version": "1.0.0",
  "lockfileVersion": 1,
  "requires": true,
  "dependencies": {
    "@assemblyscript/loader": {
      "version": "0.19.1",
      "resolved": "https://registry.npmjs.org/@assemblyscript/loader/-/loader-0.19.1.tgz",
      "integrity": "sha512-3vpqYxOY7o8SNj2riGNF3wSZsqWippWTs7YwyTPPyxvjbrT1ZJnMMoGm4HSpbZ0QmKphzsaM4trR+BtxLFynDA=="
    },
    "assemblyscript": {
      "version": "0.19.1",
      "resolved": "https://registry.npmjs.org/assemblyscript/-/assemblyscript-0.19.1.tgz",
      "integrity": "sha512-unWcmJsw5H0H2GrTf25GlDJCaNzAveeFYPH5XhP54m540+26KJIurTEHN+xf/EI3MdK7IhThpGCE+pNqiNuLmA==",
      "dev": true,
      "requires": {
        "binaryen": "101.0.0-nightly.20210527",
        "long": "^4.0.0"
      }
    },
    "binaryen": {
      "version": "101.0.0-nightly.20210527",
      "resolved": "https://registry.npmjs.org/binaryen/-/binaryen-101.0.0-nightly.20210527.tgz",
      "integrity": "sha512-dbKentJwA6H0LfI+pRuzNNzAooJwYFNrg1L8rRw8j6rlfkU815ytNLO+uDzGNcltYehUa5ERZFJHPIdqX12n0w==",
      "dev": true
    },
    "long": {
      "version": "4.0.0",
      "resolved": "https://registry.npmjs.org/long/-/long-4.0.0.tgz",
      "integrity": "sha512-XsP+KhQif4bjX1kbuSiySJFNAehNxgLb6hPRGJ9QsUr8ajHkuXGdrHmFUTUUXhDwVX2R5bY4JNZEwbUiMhV+MA==",
      "dev": true
    }
  }
}
